
Microsoft Visual Studio Solution File, Format Version 12.00
# Visual Studio Version 16
VisualStudioVersion = 16.0.31313.79
MinimumVisualStudioVersion = 10.0.40219.1
Project("{FAE04EC0-301F-11D3-BF4B-00C04F79EFBC}") = "WpfApp", "WpfApp\WpfApp.csproj", "{9473636F-6F57-418D-ADDE-DD9C03544F33}"
	ProjectSection(ProjectDependencies) = postProject
		{3B1FE1EE-C643-41C2-8FD3-6511E362A69E} = {3B1FE1EE-C643-41C2-8FD3-6511E362A69E}
	EndProjectSection
EndProject
Project("{FAE04EC0-301F-11D3-BF4B-00C04F79EFBC}") = "WcfService", "WcfService\WcfService.csproj", "{3B1FE1EE-C643-41C2-8FD3-6511E362A69E}"
EndProject
Project("{9A19103F-16F7-4668-BE54-9A1E7A4F7556}") = "TestProject2", "TestProject2\TestProject2.csproj", "{1B46E974-CF5A-40AD-AE2C-2684083E3BD3}"
EndProject
Global
	GlobalSection(SolutionConfigurationPlatforms) = preSolution
		Debug|Any CPU = Debug|Any CPU
		Release|Any CPU = Release|Any CPU
	EndGlobalSection
	GlobalSection(ProjectConfigurationPlatforms) = postSolution
		{9473636F-6F57-418D-ADDE-DD9C03544F33}.Debug|Any CPU.ActiveCfg = Debug|Any CPU
		{9473636F-6F57-418D-ADDE-DD9C03544F33}.Debug|Any CPU.Build.0 = Debug|Any CPU
		{9473636F-6F57-418D-ADDE-DD9C03544F33}.Release|Any CPU.ActiveCfg = Release|Any CPU
		{9473636F-6F57-418D-ADDE-DD9C03544F33}.Release|Any CPU.Build.0 = Release|Any CPU
		{3B1FE1EE-C643-41C2-8FD3-6511E362A69E}.Debug|Any CPU.ActiveCfg = Debug|Any CPU
		{3B1FE1EE-C643-41C2-8FD3-6511E362A69E}.Debug|Any CPU.Build.0 = Debug|Any CPU
		{3B1FE1EE-C643-41C2-8FD3-6511E362A69E}.Release|Any CPU.ActiveCfg = Release|Any CPU
		{3B1FE1EE-C643-41C2-8FD3-6511E362A69E}.Release|Any CPU.Build.0 = Release|Any CPU
		{1B46E974-CF5A-40AD-AE2C-2684083E3BD3}.Debug|Any CPU.ActiveCfg = Debug|Any CPU
		{1B46E974-CF5A-40AD-AE2C-2684083E3BD3}.Debug|Any CPU.Build.0 = Debug|Any CPU
		{1B46E974-CF5A-40AD-AE2C-2684083E3BD3}.Release|Any CPU.ActiveCfg = Release|Any CPU
		{1B46E974-CF5A-40AD-AE2C-2684083E3BD3}.Release|Any CPU.Build.0 = Release|Any CPU
	EndGlobalSection
	GlobalSection(SolutionProperties) = preSolution
		HideSolutionNode = FALSE
	EndGlobalSection
	GlobalSection(ExtensibilityGlobals) = postSolution
		SolutionGuid = {12784D70-E565-47FC-BBD7-706F787D9D89}
	EndGlobalSection
EndGlobal
